
Microsoft Visual Studio Solution File, Format Version 12.00
# Visual Studio Version 17
VisualStudioVersion = 17.3.32922.545
MinimumVisualStudioVersion = 10.0.40219.1
Project("{FAE04EC0-301F-11D3-BF4B-00C04F79EFBC}") = "csharp-biblioteca-db", "csharp-biblioteca-db.csproj", "{715BA6F1-7E37-4589-9519-8E5AB2E2ED08}"
EndProject
Global
	GlobalSection(SolutionConfigurationPlatforms) = preSolution
		Debug|Any CPU = Debug|Any CPU
		Release|Any CPU = Release|Any CPU
	EndGlobalSection
	GlobalSection(ProjectConfigurationPlatforms) = postSolution
		{715BA6F1-7E37-4589-9519-8E5AB2E2ED08}.Debug|Any CPU.ActiveCfg = Debug|Any CPU
		{715BA6F1-7E37-4589-9519-8E5AB2E2ED08}.Debug|Any CPU.Build.0 = Debug|Any CPU
		{715BA6F1-7E37-4589-9519-8E5AB2E2ED08}.Release|Any CPU.ActiveCfg = Release|Any CPU
		{715BA6F1-7E37-4589-9519-8E5AB2E2ED08}.Release|Any CPU.Build.0 = Release|Any CPU
	EndGlobalSection
	GlobalSection(SolutionProperties) = preSolution
		HideSolutionNode = FALSE
	EndGlobalSection
	GlobalSection(ExtensibilityGlobals) = postSolution
		SolutionGuid = {647FF337-3CBE-4167-A25C-C136CECB3B01}
	EndGlobalSection
EndGlobal
